{
  "pid": 26660,
  "startedAt": "2025-10-18T23:18:17.292Z",
  "meta": {
    "script": "index_batch.js",
    "input": "UC7fI8SmlQm2Q9nNYkwiRatg",
    "limit": 50,
    "stopOnFirstKnown": false,
    "stage": "embedding",
    "channelId": "UC7fI8SmlQm2Q9nNYkwiRatg",
    "total": 34,
    "current": 0,
    "stopped_early": false
  }
}